# This file is automatically @generated by Cargo.
# It is not intended for manual editing.
version = 4

[[package]]
name = "noggit-cli"
version = "0.1.0"
dependencies = [
 "noggit-formats",
]

[[package]]
name = "noggit-core"
version = "0.1.0"
dependencies = [
 "noggit-formats",
 "noggit-vfs",
]

[[package]]
name = "noggit-formats"
version = "0.1.0"

[[package]]
name = "noggit-render"
version = "0.1.0"
dependencies = [
 "noggit-core",
]

[[package]]
name = "noggit-scripting"
version = "0.1.0"
dependencies = [
 "noggit-core",
]

[[package]]
name = "noggit-ui"
version = "0.1.0"
dependencies = [
 "noggit-core",
 "noggit-render",
]

[[package]]
name = "noggit-vfs"
version = "0.1.0"
